
Microsoft Visual Studio Solution File, Format Version 12.00
Project("{FAE04EC0-301F-11D3-BF4B-00C04F79EFBC}") = "TaskManager.Sdk", "TaskManager.Sdk\TaskManager.Sdk.csproj", "{631E9EE3-EEFE-4FCD-A314-6E13CE9374E4}"
EndProject
Project("{FAE04EC0-301F-11D3-BF4B-00C04F79EFBC}") = "TaskManager.GanttControl", "TaskManager.GanttControl\TaskManager.GanttControl.csproj", "{39C7D8A6-DB36-47BC-B030-03CD193CEA3C}"
EndProject
Project("{FAE04EC0-301F-11D3-BF4B-00C04F79EFBC}") = "TaskManager.ToolBar", "TaskManager.ToolBar\TaskManager.ToolBar.csproj", "{2A4F350C-4F08-4B01-87FB-4E18A1F12728}"
EndProject
Project("{FAE04EC0-301F-11D3-BF4B-00C04F79EFBC}") = "TaskManager.ProjectsLibrary", "TaskManager.ProjectsLibrary\TaskManager.ProjectsLibrary.csproj", "{19E74C1D-7F3C-4A53-BFF1-D42E4490B088}"
EndProject
Project("{FAE04EC0-301F-11D3-BF4B-00C04F79EFBC}") = "TaskManager.Shell", "TaskManager.Shell\TaskManager.Shell.csproj", "{07398BF3-E0AF-4063-ABB1-5A81AE699BF3}"
EndProject
Project("{FAE04EC0-301F-11D3-BF4B-00C04F79EFBC}") = "TaskManager.UsersLibrary", "TaskManager.UsersLibrary\TaskManager.UsersLibrary.csproj", "{97F1D3AF-0E9C-423E-83DD-D30BB23012EE}"
EndProject
Project("{FAE04EC0-301F-11D3-BF4B-00C04F79EFBC}") = "TaskManager.UserGanttControl", "TaskManager.UserGanttControl\TaskManager.UserGanttControl.csproj", "{B678AAAA-0B79-4536-8478-09723DDE15AD}"
EndProject
Project("{FAE04EC0-301F-11D3-BF4B-00C04F79EFBC}") = "TaskManager.SpecialGanttControl", "TaskManager.SpecialGanttControl\TaskManager.SpecialGanttControl.csproj", "{3D0B2388-883C-41E5-AF51-48DE13A2B29D}"
EndProject
Global
	GlobalSection(SolutionConfigurationPlatforms) = preSolution
		Debug|Any CPU = Debug|Any CPU
		Release|Any CPU = Release|Any CPU
	EndGlobalSection
	GlobalSection(ProjectConfigurationPlatforms) = postSolution
		{631E9EE3-EEFE-4FCD-A314-6E13CE9374E4}.Debug|Any CPU.ActiveCfg = Debug|Any CPU
		{631E9EE3-EEFE-4FCD-A314-6E13CE9374E4}.Debug|Any CPU.Build.0 = Debug|Any CPU
		{631E9EE3-EEFE-4FCD-A314-6E13CE9374E4}.Release|Any CPU.ActiveCfg = Release|Any CPU
		{631E9EE3-EEFE-4FCD-A314-6E13CE9374E4}.Release|Any CPU.Build.0 = Release|Any CPU
		{39C7D8A6-DB36-47BC-B030-03CD193CEA3C}.Debug|Any CPU.ActiveCfg = Debug|Any CPU
		{39C7D8A6-DB36-47BC-B030-03CD193CEA3C}.Debug|Any CPU.Build.0 = Debug|Any CPU
		{39C7D8A6-DB36-47BC-B030-03CD193CEA3C}.Release|Any CPU.ActiveCfg = Release|Any CPU
		{39C7D8A6-DB36-47BC-B030-03CD193CEA3C}.Release|Any CPU.Build.0 = Release|Any CPU
		{2A4F350C-4F08-4B01-87FB-4E18A1F12728}.Debug|Any CPU.ActiveCfg = Debug|Any CPU
		{2A4F350C-4F08-4B01-87FB-4E18A1F12728}.Debug|Any CPU.Build.0 = Debug|Any CPU
		{2A4F350C-4F08-4B01-87FB-4E18A1F12728}.Release|Any CPU.ActiveCfg = Release|Any CPU
		{2A4F350C-4F08-4B01-87FB-4E18A1F12728}.Release|Any CPU.Build.0 = Release|Any CPU
		{19E74C1D-7F3C-4A53-BFF1-D42E4490B088}.Debug|Any CPU.ActiveCfg = Debug|Any CPU
		{19E74C1D-7F3C-4A53-BFF1-D42E4490B088}.Debug|Any CPU.Build.0 = Debug|Any CPU
		{19E74C1D-7F3C-4A53-BFF1-D42E4490B088}.Release|Any CPU.ActiveCfg = Release|Any CPU
		{19E74C1D-7F3C-4A53-BFF1-D42E4490B088}.Release|Any CPU.Build.0 = Release|Any CPU
		{07398BF3-E0AF-4063-ABB1-5A81AE699BF3}.Debug|Any CPU.ActiveCfg = Debug|Any CPU
		{07398BF3-E0AF-4063-ABB1-5A81AE699BF3}.Debug|Any CPU.Build.0 = Debug|Any CPU
		{07398BF3-E0AF-4063-ABB1-5A81AE699BF3}.Release|Any CPU.ActiveCfg = Release|Any CPU
		{07398BF3-E0AF-4063-ABB1-5A81AE699BF3}.Release|Any CPU.Build.0 = Release|Any CPU
		{97F1D3AF-0E9C-423E-83DD-D30BB23012EE}.Debug|Any CPU.ActiveCfg = Debug|Any CPU
		{97F1D3AF-0E9C-423E-83DD-D30BB23012EE}.Debug|Any CPU.Build.0 = Debug|Any CPU
		{97F1D3AF-0E9C-423E-83DD-D30BB23012EE}.Release|Any CPU.ActiveCfg = Release|Any CPU
		{97F1D3AF-0E9C-423E-83DD-D30BB23012EE}.Release|Any CPU.Build.0 = Release|Any CPU
		{B678AAAA-0B79-4536-8478-09723DDE15AD}.Debug|Any CPU.ActiveCfg = Debug|Any CPU
		{B678AAAA-0B79-4536-8478-09723DDE15AD}.Debug|Any CPU.Build.0 = Debug|Any CPU
		{B678AAAA-0B79-4536-8478-09723DDE15AD}.Release|Any CPU.ActiveCfg = Release|Any CPU
		{B678AAAA-0B79-4536-8478-09723DDE15AD}.Release|Any CPU.Build.0 = Release|Any CPU
		{3D0B2388-883C-41E5-AF51-48DE13A2B29D}.Debug|Any CPU.ActiveCfg = Debug|Any CPU
		{3D0B2388-883C-41E5-AF51-48DE13A2B29D}.Debug|Any CPU.Build.0 = Debug|Any CPU
		{3D0B2388-883C-41E5-AF51-48DE13A2B29D}.Release|Any CPU.ActiveCfg = Release|Any CPU
		{3D0B2388-883C-41E5-AF51-48DE13A2B29D}.Release|Any CPU.Build.0 = Release|Any CPU
	EndGlobalSection
EndGlobal
